
Microsoft Visual Studio Solution File, Format Version 12.00
# Visual Studio 2012
Project("{FAE04EC0-301F-11D3-BF4B-00C04F79EFBC}") = "HttpRequestMono.Tests", "HttpRequestMono.Tests.csproj", "{354DF90B-0F52-4377-B7CE-C3796BB82FF9}"
EndProject
Global
	GlobalSection(SolutionConfigurationPlatforms) = preSolution
		Debug|Any CPU = Debug|Any CPU
		Release|Any CPU = Release|Any CPU
	EndGlobalSection
	GlobalSection(ProjectConfigurationPlatforms) = postSolution
		{354DF90B-0F52-4377-B7CE-C3796BB82FF9}.Debug|Any CPU.ActiveCfg = Debug|Any CPU
		{354DF90B-0F52-4377-B7CE-C3796BB82FF9}.Debug|Any CPU.Build.0 = Debug|Any CPU
		{354DF90B-0F52-4377-B7CE-C3796BB82FF9}.Release|Any CPU.ActiveCfg = Release|Any CPU
		{354DF90B-0F52-4377-B7CE-C3796BB82FF9}.Release|Any CPU.Build.0 = Release|Any CPU
	EndGlobalSection
	GlobalSection(MonoDevelopProperties) = preSolution
		StartupItem = HttpRequestMono.Tests.csproj
	EndGlobalSection
EndGlobal
